
Microsoft Visual Studio Solution File, Format Version 12.00
# Visual Studio Version 17
VisualStudioVersion = 17.0.31903.59
MinimumVisualStudioVersion = 10.0.40219.1
Project("{FAE04EC0-301F-11D3-BF4B-00C04F79EFBC}") = "SampleNuget", "SampleNuget\SampleNuget.csproj", "{67F81907-F239-49D3-B991-F101E1C8B43E}"
EndProject
Project("{FAE04EC0-301F-11D3-BF4B-00C04F79EFBC}") = "SampleNuget.Tests", "SampleNuget.Tests\SampleNuget.Tests.csproj", "{1B3FDCBA-7775-40F9-85E1-F45E22559F82}"
EndProject
Global
	GlobalSection(SolutionConfigurationPlatforms) = preSolution
		Debug|Any CPU = Debug|Any CPU
		Release|Any CPU = Release|Any CPU
	EndGlobalSection
	GlobalSection(SolutionProperties) = preSolution
		HideSolutionNode = FALSE
	EndGlobalSection
	GlobalSection(ProjectConfigurationPlatforms) = postSolution
		{67F81907-F239-49D3-B991-F101E1C8B43E}.Debug|Any CPU.ActiveCfg = Debug|Any CPU
		{67F81907-F239-49D3-B991-F101E1C8B43E}.Debug|Any CPU.Build.0 = Debug|Any CPU
		{67F81907-F239-49D3-B991-F101E1C8B43E}.Release|Any CPU.ActiveCfg = Release|Any CPU
		{67F81907-F239-49D3-B991-F101E1C8B43E}.Release|Any CPU.Build.0 = Release|Any CPU
		{1B3FDCBA-7775-40F9-85E1-F45E22559F82}.Debug|Any CPU.ActiveCfg = Debug|Any CPU
		{1B3FDCBA-7775-40F9-85E1-F45E22559F82}.Debug|Any CPU.Build.0 = Debug|Any CPU
		{1B3FDCBA-7775-40F9-85E1-F45E22559F82}.Release|Any CPU.ActiveCfg = Release|Any CPU
		{1B3FDCBA-7775-40F9-85E1-F45E22559F82}.Release|Any CPU.Build.0 = Release|Any CPU
	EndGlobalSection
EndGlobal
